// !$*UTF8*$!
{
	archiveVersion = 1;
	classes = {
	};
	objectVersion = 46;
	objects = {

/* Begin PBXBuildFile section */
		335787393A072C3D22EB0C86 /* Pods_EEETravel.framework in Frameworks */ = {isa = PBXBuildFile; fileRef = A727B5B92DF6772F00889A16 /* Pods_EEETravel.framework */; };
		D901BB021E1B8CE70022E45F /* hearts_pre.png in Resources */ = {isa = PBXBuildFile; fileRef = D901BB001E1B8CE70022E45F /* hearts_pre.png */; };
		D901BB031E1B8CE70022E45F /* icon_like.png in Resources */ = {isa = PBXBuildFile; fileRef = D901BB011E1B8CE70022E45F /* icon_like.png */; };
		D9161F951E93AD15007DB4F9 /* EEHomeViewModel.swift in Sources */ = {isa = PBXBuildFile; fileRef = D9161F941E93AD15007DB4F9 /* EEHomeViewModel.swift */; };
		D9238E2C1E93B41800BC1A12 /* ListProtocol.swift in Sources */ = {isa = PBXBuildFile; fileRef = D9238E2B1E93B41800BC1A12 /* ListProtocol.swift */; };
		D92AF81A1E94CEEF0026B926 /* EEHomeObject.swift in Sources */ = {isa = PBXBuildFile; fileRef = D92AF8191E94CEEF0026B926 /* EEHomeObject.swift */; };
		D92AF81E1E94CF8E0026B926 /* BaseObject.swift in Sources */ = {isa = PBXBuildFile; fileRef = D92AF81D1E94CF8E0026B926 /* BaseObject.swift */; };
		D92AF8251E94EADB0026B926 /* EETableViewCell.swift in Sources */ = {isa = PBXBuildFile; fileRef = D92AF8241E94EADB0026B926 /* EETableViewCell.swift */; };
		D92AF8271E94EB580026B926 /* EEHomeCell.swift in Sources */ = {isa = PBXBuildFile; fileRef = D92AF8261E94EB580026B926 /* EEHomeCell.swift */; };
		D92E2B481E890F820099E8F6 /* EEDiscountController.swift in Sources */ = {isa = PBXBuildFile; fileRef = D92E2B411E890F820099E8F6 /* EEDiscountController.swift */; };
		D92E2B491E890F820099E8F6 /* EEFrequentFlyerController.swift in Sources */ = {isa = PBXBuildFile; fileRef = D92E2B431E890F820099E8F6 /* EEFrequentFlyerController.swift */; };
		D92E2B4A1E890F820099E8F6 /* EEHomeController.swift in Sources */ = {isa = PBXBuildFile; fileRef = D92E2B451E890F820099E8F6 /* EEHomeController.swift */; };
		D92E2B4B1E890F820099E8F6 /* EETravelController.swift in Sources */ = {isa = PBXBuildFile; fileRef = D92E2B471E890F820099E8F6 /* EETravelController.swift */; };
		D92E2B4D1E890FDB0099E8F6 /* EEMainTabBarController.swift in Sources */ = {isa = PBXBuildFile; fileRef = D92E2B4C1E890FDB0099E8F6 /* EEMainTabBarController.swift */; };
		D92E2B4F1E890FFD0099E8F6 /* EECreditCardController.swift in Sources */ = {isa = PBXBuildFile; fileRef = D92E2B4E1E890FFD0099E8F6 /* EECreditCardController.swift */; };
		D92E2B521E8916420099E8F6 /* FetchViewModel.swift in Sources */ = {isa = PBXBuildFile; fileRef = D92E2B511E8916420099E8F6 /* FetchViewModel.swift */; };
		D9365A8C1E1BAD2100DB6A14 /* 0@2x.png in Resources */ = {isa = PBXBuildFile; fileRef = D9365A8A1E1BAD2100DB6A14 /* 0@2x.png */; };
		D9365A8D1E1BAD2100DB6A14 /* 0@3x.png in Resources */ = {isa = PBXBuildFile; fileRef = D9365A8B1E1BAD2100DB6A14 /* 0@3x.png */; };
		D939F3D01E8E2ECE00CD4121 /* EEBaseListController.swift in Sources */ = {isa = PBXBuildFile; fileRef = D939F3CF1E8E2ECE00CD4121 /* EEBaseListController.swift */; };
		D939F3D41E8E2F9000CD4121 /* EEBaseController.swift in Sources */ = {isa = PBXBuildFile; fileRef = D939F3D31E8E2F9000CD4121 /* EEBaseController.swift */; };
		D939F3D61E8E2FF700CD4121 /* EENavigationBar.swift in Sources */ = {isa = PBXBuildFile; fileRef = D939F3D51E8E2FF700CD4121 /* EENavigationBar.swift */; };
		D939F3D81E8E347A00CD4121 /* EEButton.swift in Sources */ = {isa = PBXBuildFile; fileRef = D939F3D71E8E347A00CD4121 /* EEButton.swift */; };
		D95316771DE2F671000DFDDC /* AppDelegate.swift in Sources */ = {isa = PBXBuildFile; fileRef = D95316761DE2F671000DFDDC /* AppDelegate.swift */; };
		D953167C1DE2F671000DFDDC /* Main.storyboard in Resources */ = {isa = PBXBuildFile; fileRef = D953167A1DE2F671000DFDDC /* Main.storyboard */; };
		D953167E1DE2F671000DFDDC /* Assets.xcassets in Resources */ = {isa = PBXBuildFile; fileRef = D953167D1DE2F671000DFDDC /* Assets.xcassets */; };
		D95316811DE2F671000DFDDC /* LaunchScreen.storyboard in Resources */ = {isa = PBXBuildFile; fileRef = D953167F1DE2F671000DFDDC /* LaunchScreen.storyboard */; };
		D9670DE01E457ABB00DE7F35 /* EENavigationMenu.swift in Sources */ = {isa = PBXBuildFile; fileRef = D9670DDE1E457ABB00DE7F35 /* EENavigationMenu.swift */; };
		D9670DE11E457ABB00DE7F35 /* EENavigationMenuCell.swift in Sources */ = {isa = PBXBuildFile; fileRef = D9670DDF1E457ABB00DE7F35 /* EENavigationMenuCell.swift */; };
		D9670DE31E457C0E00DE7F35 /* EENavigationMenuLayout.swift in Sources */ = {isa = PBXBuildFile; fileRef = D9670DE21E457C0E00DE7F35 /* EENavigationMenuLayout.swift */; };
		D9711B481E8E761E002AEC0A /* EEAssociateObject.swift in Sources */ = {isa = PBXBuildFile; fileRef = D9711B471E8E761E002AEC0A /* EEAssociateObject.swift */; };
		D99AD7891E0B7EC000F7DF2E /* EEImageView.swift in Sources */ = {isa = PBXBuildFile; fileRef = D99AD7841E0B7EC000F7DF2E /* EEImageView.swift */; };
		D99AD78A1E0B7EC000F7DF2E /* EELabel.swift in Sources */ = {isa = PBXBuildFile; fileRef = D99AD7851E0B7EC000F7DF2E /* EELabel.swift */; };
		D99AD78B1E0B7EC000F7DF2E /* EETextField.swift in Sources */ = {isa = PBXBuildFile; fileRef = D99AD7861E0B7EC000F7DF2E /* EETextField.swift */; };
		D99AD78C1E0B7EC000F7DF2E /* EETextView.swift in Sources */ = {isa = PBXBuildFile; fileRef = D99AD7871E0B7EC000F7DF2E /* EETextView.swift */; };
		D99AD78D1E0B7EC000F7DF2E /* EEView.swift in Sources */ = {isa = PBXBuildFile; fileRef = D99AD7881E0B7EC000F7DF2E /* EEView.swift */; };
		D99AD78F1E0B7F0400F7DF2E /* EEAPI.swift in Sources */ = {isa = PBXBuildFile; fileRef = D99AD78E1E0B7F0400F7DF2E /* EEAPI.swift */; };
		D9B389111E8BCF6200C5FC1D /* EEMainTabBarViewModel.swift in Sources */ = {isa = PBXBuildFile; fileRef = D9B389101E8BCF6200C5FC1D /* EEMainTabBarViewModel.swift */; };
		D9BD28C61E96274300B9189C /* EEClientH5Object.swift in Sources */ = {isa = PBXBuildFile; fileRef = D9BD28C51E96274300B9189C /* EEClientH5Object.swift */; };
		D9BD28CB1E962B5B00B9189C /* EEServerDomain.swift in Sources */ = {isa = PBXBuildFile; fileRef = D9BD28CA1E962B5B00B9189C /* EEServerDomain.swift */; };
		D9BD28CE1E962B8B00B9189C /* EEWebViewController.swift in Sources */ = {isa = PBXBuildFile; fileRef = D9BD28CC1E962B8B00B9189C /* EEWebViewController.swift */; };
		D9BD28CF1E962B8B00B9189C /* EEWebEngine.swift in Sources */ = {isa = PBXBuildFile; fileRef = D9BD28CD1E962B8B00B9189C /* EEWebEngine.swift */; };
		D9BD28D11E962C1C00B9189C /* GMShareComponent.swift in Sources */ = {isa = PBXBuildFile; fileRef = D9BD28D01E962C1C00B9189C /* GMShareComponent.swift */; };
		D9DD51F21DE6F29300565FAC /* EETheme.swift in Sources */ = {isa = PBXBuildFile; fileRef = D9DD51F11DE6F29300565FAC /* EETheme.swift */; };
		D9DD51F41DE6F2BD00565FAC /* EEConstant.swift in Sources */ = {isa = PBXBuildFile; fileRef = D9DD51F31DE6F2BD00565FAC /* EEConstant.swift */; };
		D9E44F461E9A3E5A00193038 /* String+Extension.swift in Sources */ = {isa = PBXBuildFile; fileRef = D9E44F451E9A3E5A00193038 /* String+Extension.swift */; };
		D9E44F481E9A42C500193038 /* UIImageView+Extension.swift in Sources */ = {isa = PBXBuildFile; fileRef = D9E44F471E9A42C500193038 /* UIImageView+Extension.swift */; };
/* End PBXBuildFile section */

/* Begin PBXFileReference section */
		814CD2506F7E4262541D86C8 /* Pods-EEETravel.debug.xcconfig */ = {isa = PBXFileReference; includeInIndex = 1; lastKnownFileType = text.xcconfig; name = "Pods-EEETravel.debug.xcconfig"; path = "Pods/Target Support Files/Pods-EEETravel/Pods-EEETravel.debug.xcconfig"; sourceTree = "<group>"; };
		A474411F76B3AFCE35B5C90A /* Pods-EEETravel.release.xcconfig */ = {isa = PBXFileReference; includeInIndex = 1; lastKnownFileType = text.xcconfig; name = "Pods-EEETravel.release.xcconfig"; path = "Pods/Target Support Files/Pods-EEETravel/Pods-EEETravel.release.xcconfig"; sourceTree = "<group>"; };
		A727B5B92DF6772F00889A16 /* Pods_EEETravel.framework */ = {isa = PBXFileReference; explicitFileType = wrapper.framework; includeInIndex = 0; path = Pods_EEETravel.framework; sourceTree = BUILT_PRODUCTS_DIR; };
		D901BB001E1B8CE70022E45F /* hearts_pre.png */ = {isa = PBXFileReference; lastKnownFileType = image.png; path = hearts_pre.png; sourceTree = "<group>"; };
		D901BB011E1B8CE70022E45F /* icon_like.png */ = {isa = PBXFileReference; lastKnownFileType = image.png; path = icon_like.png; sourceTree = "<group>"; };
		D9161F941E93AD15007DB4F9 /* EEHomeViewModel.swift */ = {isa = PBXFileReference; fileEncoding = 4; lastKnownFileType = sourcecode.swift; path = EEHomeViewModel.swift; sourceTree = "<group>"; };
		D9238E2B1E93B41800BC1A12 /* ListProtocol.swift */ = {isa = PBXFileReference; fileEncoding = 4; lastKnownFileType = sourcecode.swift; path = ListProtocol.swift; sourceTree = "<group>"; };
		D92AF8191E94CEEF0026B926 /* EEHomeObject.swift */ = {isa = PBXFileReference; fileEncoding = 4; lastKnownFileType = sourcecode.swift; path = EEHomeObject.swift; sourceTree = "<group>"; };
		D92AF81D1E94CF8E0026B926 /* BaseObject.swift */ = {isa = PBXFileReference; fileEncoding = 4; lastKnownFileType = sourcecode.swift; path = BaseObject.swift; sourceTree = "<group>"; };
		D92AF8241E94EADB0026B926 /* EETableViewCell.swift */ = {isa = PBXFileReference; fileEncoding = 4; lastKnownFileType = sourcecode.swift; path = EETableViewCell.swift; sourceTree = "<group>"; };
		D92AF8261E94EB580026B926 /* EEHomeCell.swift */ = {isa = PBXFileReference; fileEncoding = 4; lastKnownFileType = sourcecode.swift; path = EEHomeCell.swift; sourceTree = "<group>"; };
		D92E2B411E890F820099E8F6 /* EEDiscountController.swift */ = {isa = PBXFileReference; fileEncoding = 4; lastKnownFileType = sourcecode.swift; path = EEDiscountController.swift; sourceTree = "<group>"; };
		D92E2B431E890F820099E8F6 /* EEFrequentFlyerController.swift */ = {isa = PBXFileReference; fileEncoding = 4; lastKnownFileType = sourcecode.swift; path = EEFrequentFlyerController.swift; sourceTree = "<group>"; };
		D92E2B451E890F820099E8F6 /* EEHomeController.swift */ = {isa = PBXFileReference; fileEncoding = 4; lastKnownFileType = sourcecode.swift; path = EEHomeController.swift; sourceTree = "<group>"; };
		D92E2B471E890F820099E8F6 /* EETravelController.swift */ = {isa = PBXFileReference; fileEncoding = 4; lastKnownFileType = sourcecode.swift; path = EETravelController.swift; sourceTree = "<group>"; };
		D92E2B4C1E890FDB0099E8F6 /* EEMainTabBarController.swift */ = {isa = PBXFileReference; fileEncoding = 4; lastKnownFileType = sourcecode.swift; path = EEMainTabBarController.swift; sourceTree = "<group>"; };
		D92E2B4E1E890FFD0099E8F6 /* EECreditCardController.swift */ = {isa = PBXFileReference; fileEncoding = 4; lastKnownFileType = sourcecode.swift; path = EECreditCardController.swift; sourceTree = "<group>"; };
		D92E2B511E8916420099E8F6 /* FetchViewModel.swift */ = {isa = PBXFileReference; fileEncoding = 4; lastKnownFileType = sourcecode.swift; path = FetchViewModel.swift; sourceTree = "<group>"; };
		D9365A8A1E1BAD2100DB6A14 /* 0@2x.png */ = {isa = PBXFileReference; lastKnownFileType = image.png; path = "0@2x.png"; sourceTree = "<group>"; };
		D9365A8B1E1BAD2100DB6A14 /* 0@3x.png */ = {isa = PBXFileReference; lastKnownFileType = image.png; path = "0@3x.png"; sourceTree = "<group>"; };
		D9365A981E1CDD2900DB6A14 /* EEETravel-Bridging-Header.h */ = {isa = PBXFileReference; lastKnownFileType = sourcecode.c.h; path = "EEETravel-Bridging-Header.h"; sourceTree = "<group>"; };
		D939F3CF1E8E2ECE00CD4121 /* EEBaseListController.swift */ = {isa = PBXFileReference; fileEncoding = 4; lastKnownFileType = sourcecode.swift; path = EEBaseListController.swift; sourceTree = "<group>"; };
		D939F3D31E8E2F9000CD4121 /* EEBaseController.swift */ = {isa = PBXFileReference; fileEncoding = 4; lastKnownFileType = sourcecode.swift; path = EEBaseController.swift; sourceTree = "<group>"; };
		D939F3D51E8E2FF700CD4121 /* EENavigationBar.swift */ = {isa = PBXFileReference; fileEncoding = 4; lastKnownFileType = sourcecode.swift; path = EENavigationBar.swift; sourceTree = "<group>"; };
		D939F3D71E8E347A00CD4121 /* EEButton.swift */ = {isa = PBXFileReference; fileEncoding = 4; lastKnownFileType = sourcecode.swift; path = EEButton.swift; sourceTree = "<group>"; };
		D95316731DE2F671000DFDDC /* EEETravel.app */ = {isa = PBXFileReference; explicitFileType = wrapper.application; includeInIndex = 0; path = EEETravel.app; sourceTree = BUILT_PRODUCTS_DIR; };
		D95316761DE2F671000DFDDC /* AppDelegate.swift */ = {isa = PBXFileReference; lastKnownFileType = sourcecode.swift; path = AppDelegate.swift; sourceTree = "<group>"; };
		D953167B1DE2F671000DFDDC /* Base */ = {isa = PBXFileReference; lastKnownFileType = file.storyboard; name = Base; path = Base.lproj/Main.storyboard; sourceTree = "<group>"; };
		D953167D1DE2F671000DFDDC /* Assets.xcassets */ = {isa = PBXFileReference; lastKnownFileType = folder.assetcatalog; path = Assets.xcassets; sourceTree = "<group>"; };
		D95316801DE2F671000DFDDC /* Base */ = {isa = PBXFileReference; lastKnownFileType = file.storyboard; name = Base; path = Base.lproj/LaunchScreen.storyboard; sourceTree = "<group>"; };
		D95316821DE2F671000DFDDC /* Info.plist */ = {isa = PBXFileReference; lastKnownFileType = text.plist.xml; path = Info.plist; sourceTree = "<group>"; };
		D9670DDE1E457ABB00DE7F35 /* EENavigationMenu.swift */ = {isa = PBXFileReference; fileEncoding = 4; lastKnownFileType = sourcecode.swift; path = EENavigationMenu.swift; sourceTree = "<group>"; };
		D9670DDF1E457ABB00DE7F35 /* EENavigationMenuCell.swift */ = {isa = PBXFileReference; fileEncoding = 4; lastKnownFileType = sourcecode.swift; path = EENavigationMenuCell.swift; sourceTree = "<group>"; };
		D9670DE21E457C0E00DE7F35 /* EENavigationMenuLayout.swift */ = {isa = PBXFileReference; fileEncoding = 4; lastKnownFileType = sourcecode.swift; path = EENavigationMenuLayout.swift; sourceTree = "<group>"; };
		D9711B471E8E761E002AEC0A /* EEAssociateObject.swift */ = {isa = PBXFileReference; fileEncoding = 4; lastKnownFileType = sourcecode.swift; path = EEAssociateObject.swift; sourceTree = "<group>"; };
		D99AD7841E0B7EC000F7DF2E /* EEImageView.swift */ = {isa = PBXFileReference; fileEncoding = 4; lastKnownFileType = sourcecode.swift; path = EEImageView.swift; sourceTree = "<group>"; };
		D99AD7851E0B7EC000F7DF2E /* EELabel.swift */ = {isa = PBXFileReference; fileEncoding = 4; lastKnownFileType = sourcecode.swift; path = EELabel.swift; sourceTree = "<group>"; };
		D99AD7861E0B7EC000F7DF2E /* EETextField.swift */ = {isa = PBXFileReference; fileEncoding = 4; lastKnownFileType = sourcecode.swift; path = EETextField.swift; sourceTree = "<group>"; };
		D99AD7871E0B7EC000F7DF2E /* EETextView.swift */ = {isa = PBXFileReference; fileEncoding = 4; lastKnownFileType = sourcecode.swift; path = EETextView.swift; sourceTree = "<group>"; };
		D99AD7881E0B7EC000F7DF2E /* EEView.swift */ = {isa = PBXFileReference; fileEncoding = 4; lastKnownFileType = sourcecode.swift; path = EEView.swift; sourceTree = "<group>"; };
		D99AD78E1E0B7F0400F7DF2E /* EEAPI.swift */ = {isa = PBXFileReference; fileEncoding = 4; lastKnownFileType = sourcecode.swift; path = EEAPI.swift; sourceTree = "<group>"; };
		D9B389101E8BCF6200C5FC1D /* EEMainTabBarViewModel.swift */ = {isa = PBXFileReference; fileEncoding = 4; lastKnownFileType = sourcecode.swift; path = EEMainTabBarViewModel.swift; sourceTree = "<group>"; };
		D9BD28C51E96274300B9189C /* EEClientH5Object.swift */ = {isa = PBXFileReference; fileEncoding = 4; lastKnownFileType = sourcecode.swift; path = EEClientH5Object.swift; sourceTree = "<group>"; };
		D9BD28CA1E962B5B00B9189C /* EEServerDomain.swift */ = {isa = PBXFileReference; fileEncoding = 4; lastKnownFileType = sourcecode.swift; path = EEServerDomain.swift; sourceTree = "<group>"; };
		D9BD28CC1E962B8B00B9189C /* EEWebViewController.swift */ = {isa = PBXFileReference; fileEncoding = 4; lastKnownFileType = sourcecode.swift; path = EEWebViewController.swift; sourceTree = "<group>"; };
		D9BD28CD1E962B8B00B9189C /* EEWebEngine.swift */ = {isa = PBXFileReference; fileEncoding = 4; lastKnownFileType = sourcecode.swift; path = EEWebEngine.swift; sourceTree = "<group>"; };
		D9BD28D01E962C1C00B9189C /* GMShareComponent.swift */ = {isa = PBXFileReference; fileEncoding = 4; lastKnownFileType = sourcecode.swift; path = GMShareComponent.swift; sourceTree = "<group>"; };
		D9DD51F11DE6F29300565FAC /* EETheme.swift */ = {isa = PBXFileReference; fileEncoding = 4; lastKnownFileType = sourcecode.swift; path = EETheme.swift; sourceTree = "<group>"; };
		D9DD51F31DE6F2BD00565FAC /* EEConstant.swift */ = {isa = PBXFileReference; fileEncoding = 4; lastKnownFileType = sourcecode.swift; path = EEConstant.swift; sourceTree = "<group>"; };
		D9E44F451E9A3E5A00193038 /* String+Extension.swift */ = {isa = PBXFileReference; fileEncoding = 4; lastKnownFileType = sourcecode.swift; path = "String+Extension.swift"; sourceTree = "<group>"; };
		D9E44F471E9A42C500193038 /* UIImageView+Extension.swift */ = {isa = PBXFileReference; fileEncoding = 4; lastKnownFileType = sourcecode.swift; path = "UIImageView+Extension.swift"; sourceTree = "<group>"; };
/* End PBXFileReference section */

/* Begin PBXFrameworksBuildPhase section */
		D95316701DE2F671000DFDDC /* Frameworks */ = {
			isa = PBXFrameworksBuildPhase;
			buildActionMask = 2147483647;
			files = (
				335787393A072C3D22EB0C86 /* Pods_EEETravel.framework in Frameworks */,
			);
			runOnlyForDeploymentPostprocessing = 0;
		};
/* End PBXFrameworksBuildPhase section */

/* Begin PBXGroup section */
		52632E6C53A6B497F366AE0B /* Frameworks */ = {
			isa = PBXGroup;
			children = (
				A727B5B92DF6772F00889A16 /* Pods_EEETravel.framework */,
			);
			name = Frameworks;
			sourceTree = "<group>";
		};
		C0B8CF015EA18716EA070339 /* Pods */ = {
			isa = PBXGroup;
			children = (
				814CD2506F7E4262541D86C8 /* Pods-EEETravel.debug.xcconfig */,
				A474411F76B3AFCE35B5C90A /* Pods-EEETravel.release.xcconfig */,
			);
			name = Pods;
			sourceTree = "<group>";
		};
		D92AC76C1E014A4B0085EF62 /* EENetworking */ = {
			isa = PBXGroup;
			children = (
			);
			path = EENetworking;
			sourceTree = "<group>";
		};
		D92AF8181E94CECA0026B926 /* Model */ = {
			isa = PBXGroup;
			children = (
				D92AF8191E94CEEF0026B926 /* EEHomeObject.swift */,
				D92AF81D1E94CF8E0026B926 /* BaseObject.swift */,
			);
			name = Model;
			path = EEETravel/Model;
			sourceTree = "<group>";
		};
		D92AF81F1E94D3420026B926 /* View */ = {
			isa = PBXGroup;
			children = (
			);
			path = View;
			sourceTree = "<group>";
		};
		D92AF8201E94DA870026B926 /* View */ = {
			isa = PBXGroup;
			children = (
			);
			path = View;
			sourceTree = "<group>";
		};
		D92AF8211E94DB6A0026B926 /* View */ = {
			isa = PBXGroup;
			children = (
				D92AF8261E94EB580026B926 /* EEHomeCell.swift */,
			);
			path = View;
			sourceTree = "<group>";
		};
		D92E2B2B1E890EC50099E8F6 /* ViewController */ = {
			isa = PBXGroup;
			children = (
				D92E2B4E1E890FFD0099E8F6 /* EECreditCardController.swift */,
				D92E2B441E890F820099E8F6 /* Home */,
				D92E2B461E890F820099E8F6 /* Travel */,
				D92E2B401E890F820099E8F6 /* Discount */,
				D92E2B421E890F820099E8F6 /* FrequentFlyer */,
			);
			path = ViewController;
			sourceTree = "<group>";
		};
		D92E2B401E890F820099E8F6 /* Discount */ = {
			isa = PBXGroup;
			children = (
				D92E2B411E890F820099E8F6 /* EEDiscountController.swift */,
			);
			path = Discount;
			sourceTree = "<group>";
		};
		D92E2B421E890F820099E8F6 /* FrequentFlyer */ = {
			isa = PBXGroup;
			children = (
				D92E2B431E890F820099E8F6 /* EEFrequentFlyerController.swift */,
			);
			path = FrequentFlyer;
			sourceTree = "<group>";
		};
		D92E2B441E890F820099E8F6 /* Home */ = {
			isa = PBXGroup;
			children = (
				D92AF8201E94DA870026B926 /* View */,
				D92E2B4C1E890FDB0099E8F6 /* EEMainTabBarController.swift */,
				D92E2B451E890F820099E8F6 /* EEHomeController.swift */,
				D92AF8211E94DB6A0026B926 /* View */,
				D92E2B501E8915720099E8F6 /* ViewModel */,
			);
			path = Home;
			sourceTree = "<group>";
		};
		D92E2B461E890F820099E8F6 /* Travel */ = {
			isa = PBXGroup;
			children = (
				D92E2B471E890F820099E8F6 /* EETravelController.swift */,
			);
			path = Travel;
			sourceTree = "<group>";
		};
		D92E2B501E8915720099E8F6 /* ViewModel */ = {
			isa = PBXGroup;
			children = (
				D9B389101E8BCF6200C5FC1D /* EEMainTabBarViewModel.swift */,
				D9161F941E93AD15007DB4F9 /* EEHomeViewModel.swift */,
			);
			path = ViewModel;
			sourceTree = "<group>";
		};
		D953166A1DE2F671000DFDDC = {
			isa = PBXGroup;
			children = (
				D95316751DE2F671000DFDDC /* EEETravel */,
				D92AF8181E94CECA0026B926 /* Model */,
				D95316741DE2F671000DFDDC /* Products */,
				C0B8CF015EA18716EA070339 /* Pods */,
				52632E6C53A6B497F366AE0B /* Frameworks */,
			);
			sourceTree = "<group>";
		};
		D95316741DE2F671000DFDDC /* Products */ = {
			isa = PBXGroup;
			children = (
				D95316731DE2F671000DFDDC /* EEETravel.app */,
			);
			name = Products;
			sourceTree = "<group>";
		};
		D95316751DE2F671000DFDDC /* EEETravel */ = {
			isa = PBXGroup;
			children = (
				D95316761DE2F671000DFDDC /* AppDelegate.swift */,
				D92AF81F1E94D3420026B926 /* View */,
				D92E2B2B1E890EC50099E8F6 /* ViewController */,
				D9670DDD1E457ABB00DE7F35 /* Menu */,
				D9DD51F01DE6F28500565FAC /* Constant */,
				D99AD7831E0B7EC000F7DF2E /* EEKit */,
				D9BD28C71E962AD200B9189C /* Utils */,
				D953168C1DE2FBF8000DFDDC /* Common */,
				D92AC76C1E014A4B0085EF62 /* EENetworking */,
				D9711B461E8E7610002AEC0A /* SafeBox */,
				D953167D1DE2F671000DFDDC /* Assets.xcassets */,
				D953167A1DE2F671000DFDDC /* Main.storyboard */,
				D953167F1DE2F671000DFDDC /* LaunchScreen.storyboard */,
				D95316821DE2F671000DFDDC /* Info.plist */,
				D9365A981E1CDD2900DB6A14 /* EEETravel-Bridging-Header.h */,
			);
			path = EEETravel;
			sourceTree = "<group>";
		};
		D953168C1DE2FBF8000DFDDC /* Common */ = {
			isa = PBXGroup;
			children = (
				D9BD28C01E9626C100B9189C /* WebView */,
				D92AF8241E94EADB0026B926 /* EETableViewCell.swift */,
				D9238E2B1E93B41800BC1A12 /* ListProtocol.swift */,
				D92E2B511E8916420099E8F6 /* FetchViewModel.swift */,
				D939F3CF1E8E2ECE00CD4121 /* EEBaseListController.swift */,
				D939F3D31E8E2F9000CD4121 /* EEBaseController.swift */,
				D939F3D51E8E2FF700CD4121 /* EENavigationBar.swift */,
				D9E44F451E9A3E5A00193038 /* String+Extension.swift */,
				D9E44F471E9A42C500193038 /* UIImageView+Extension.swift */,
			);
			path = Common;
			sourceTree = "<group>";
		};
		D9670DDD1E457ABB00DE7F35 /* Menu */ = {
			isa = PBXGroup;
			children = (
				D9670DDE1E457ABB00DE7F35 /* EENavigationMenu.swift */,
				D9670DDF1E457ABB00DE7F35 /* EENavigationMenuCell.swift */,
				D9670DE21E457C0E00DE7F35 /* EENavigationMenuLayout.swift */,
			);
			path = Menu;
			sourceTree = "<group>";
		};
		D9711B461E8E7610002AEC0A /* SafeBox */ = {
			isa = PBXGroup;
			children = (
				D9711B471E8E761E002AEC0A /* EEAssociateObject.swift */,
			);
			path = SafeBox;
			sourceTree = "<group>";
		};
		D99AD7831E0B7EC000F7DF2E /* EEKit */ = {
			isa = PBXGroup;
			children = (
				D99AD7841E0B7EC000F7DF2E /* EEImageView.swift */,
				D99AD7851E0B7EC000F7DF2E /* EELabel.swift */,
				D99AD7861E0B7EC000F7DF2E /* EETextField.swift */,
				D99AD7871E0B7EC000F7DF2E /* EETextView.swift */,
				D99AD7881E0B7EC000F7DF2E /* EEView.swift */,
				D939F3D71E8E347A00CD4121 /* EEButton.swift */,
			);
			path = EEKit;
			sourceTree = "<group>";
		};
		D9BD28C01E9626C100B9189C /* WebView */ = {
			isa = PBXGroup;
			children = (
				D9BD28D01E962C1C00B9189C /* GMShareComponent.swift */,
				D9BD28CC1E962B8B00B9189C /* EEWebViewController.swift */,
				D9BD28CD1E962B8B00B9189C /* EEWebEngine.swift */,
				D9BD28C51E96274300B9189C /* EEClientH5Object.swift */,
			);
			path = WebView;
			sourceTree = "<group>";
		};
		D9BD28C71E962AD200B9189C /* Utils */ = {
			isa = PBXGroup;
			children = (
				D9BD28CA1E962B5B00B9189C /* EEServerDomain.swift */,
			);
			name = Utils;
			path = ViewController/Utils;
			sourceTree = "<group>";
		};
		D9DD51F01DE6F28500565FAC /* Constant */ = {
			isa = PBXGroup;
			children = (
				D9DD51F11DE6F29300565FAC /* EETheme.swift */,
				D9DD51F31DE6F2BD00565FAC /* EEConstant.swift */,
				D99AD78E1E0B7F0400F7DF2E /* EEAPI.swift */,
				D9365A8A1E1BAD2100DB6A14 /* 0@2x.png */,
				D9365A8B1E1BAD2100DB6A14 /* 0@3x.png */,
				D901BB001E1B8CE70022E45F /* hearts_pre.png */,
				D901BB011E1B8CE70022E45F /* icon_like.png */,
			);
			path = Constant;
			sourceTree = "<group>";
		};
/* End PBXGroup section */

/* Begin PBXNativeTarget section */
		D95316721DE2F671000DFDDC /* EEETravel */ = {
			isa = PBXNativeTarget;
			buildConfigurationList = D95316851DE2F671000DFDDC /* Build configuration list for PBXNativeTarget "EEETravel" */;
			buildPhases = (
				790570840E7446DFAA872E38 /* [CP] Check Pods Manifest.lock */,
				D953166F1DE2F671000DFDDC /* Sources */,
				D95316701DE2F671000DFDDC /* Frameworks */,
				D95316711DE2F671000DFDDC /* Resources */,
				0D5DDDDCC7C6AE53E3C0D1B4 /* [CP] Embed Pods Frameworks */,
				F6E0BD246F7B2BDA21746FD4 /* [CP] Copy Pods Resources */,
				D92E2B531E8B58760099E8F6 /* Swiftlint */,
				D939F3D91E8E3B8400CD4121 /* TODO */,
			);
			buildRules = (
			);
			dependencies = (
			);
			name = EEETravel;
			productName = EEETravel;
			productReference = D95316731DE2F671000DFDDC /* EEETravel.app */;
			productType = "com.apple.product-type.application";
		};
/* End PBXNativeTarget section */

/* Begin PBXProject section */
		D953166B1DE2F671000DFDDC /* Project object */ = {
			isa = PBXProject;
			attributes = {
				LastSwiftUpdateCheck = 0810;
				LastUpgradeCheck = 0820;
				ORGANIZATIONNAME = Richard;
				TargetAttributes = {
					D95316721DE2F671000DFDDC = {
						CreatedOnToolsVersion = 8.1;
						DevelopmentTeam = 98BPAMG7YA;
						LastSwiftMigration = 0820;
						ProvisioningStyle = Manual;
					};
				};
			};
			buildConfigurationList = D953166E1DE2F671000DFDDC /* Build configuration list for PBXProject "EEETravel" */;
			compatibilityVersion = "Xcode 3.2";
			developmentRegion = English;
			hasScannedForEncodings = 0;
			knownRegions = (
				en,
				Base,
			);
			mainGroup = D953166A1DE2F671000DFDDC;
			productRefGroup = D95316741DE2F671000DFDDC /* Products */;
			projectDirPath = "";
			projectRoot = "";
			targets = (
				D95316721DE2F671000DFDDC /* EEETravel */,
			);
		};
/* End PBXProject section */

/* Begin PBXResourcesBuildPhase section */
		D95316711DE2F671000DFDDC /* Resources */ = {
			isa = PBXResourcesBuildPhase;
			buildActionMask = 2147483647;
			files = (
				D901BB031E1B8CE70022E45F /* icon_like.png in Resources */,
				D95316811DE2F671000DFDDC /* LaunchScreen.storyboard in Resources */,
				D9365A8D1E1BAD2100DB6A14 /* 0@3x.png in Resources */,
				D953167E1DE2F671000DFDDC /* Assets.xcassets in Resources */,
				D9365A8C1E1BAD2100DB6A14 /* 0@2x.png in Resources */,
				D901BB021E1B8CE70022E45F /* hearts_pre.png in Resources */,
				D953167C1DE2F671000DFDDC /* Main.storyboard in Resources */,
			);
			runOnlyForDeploymentPostprocessing = 0;
		};
/* End PBXResourcesBuildPhase section */

/* Begin PBXShellScriptBuildPhase section */
		0D5DDDDCC7C6AE53E3C0D1B4 /* [CP] Embed Pods Frameworks */ = {
			isa = PBXShellScriptBuildPhase;
			buildActionMask = 2147483647;
			files = (
			);
			inputPaths = (
			);
			name = "[CP] Embed Pods Frameworks";
			outputPaths = (
			);
			runOnlyForDeploymentPostprocessing = 0;
			shellPath = /bin/sh;
			shellScript = "\"${SRCROOT}/Pods/Target Support Files/Pods-EEETravel/Pods-EEETravel-frameworks.sh\"\n";
			showEnvVarsInLog = 0;
		};
		790570840E7446DFAA872E38 /* [CP] Check Pods Manifest.lock */ = {
			isa = PBXShellScriptBuildPhase;
			buildActionMask = 2147483647;
			files = (
			);
			inputPaths = (
			);
			name = "[CP] Check Pods Manifest.lock";
			outputPaths = (
			);
			runOnlyForDeploymentPostprocessing = 0;
			shellPath = /bin/sh;
			shellScript = "diff \"${PODS_ROOT}/../Podfile.lock\" \"${PODS_ROOT}/Manifest.lock\" > /dev/null\nif [ $? != 0 ] ; then\n    # print error to STDERR\n    echo \"error: The sandbox is not in sync with the Podfile.lock. Run 'pod install' or update your CocoaPods installation.\" >&2\n    exit 1\nfi\n";
			showEnvVarsInLog = 0;
		};
		D92E2B531E8B58760099E8F6 /* Swiftlint */ = {
			isa = PBXShellScriptBuildPhase;
			buildActionMask = 2147483647;
			files = (
			);
			inputPaths = (
			);
			name = Swiftlint;
			outputPaths = (
			);
			runOnlyForDeploymentPostprocessing = 0;
			shellPath = /bin/sh;
			shellScript = "${PODS_ROOT}/SwiftLint/swiftlint";
		};
		D939F3D91E8E3B8400CD4121 /* TODO */ = {
			isa = PBXShellScriptBuildPhase;
			buildActionMask = 2147483647;
			files = (
			);
			inputPaths = (
			);
			name = TODO;
			outputPaths = (
			);
			runOnlyForDeploymentPostprocessing = 0;
			shellPath = /bin/sh;
			shellScript = "TAGS=\"TODO:|FIXME:\"\necho \"searching ${SRCROOT} for ${TAGS}\"\nfind \"${SRCROOT}\" \\( -name \"*.swift\" \\) -print0 | xargs -0 egrep --with-filename --line-number --only-matching \"($TAGS).*\\$\" | perl -p -e \"s/($TAGS)/ warning: \\$1/\"";
		};
		F6E0BD246F7B2BDA21746FD4 /* [CP] Copy Pods Resources */ = {
			isa = PBXShellScriptBuildPhase;
			buildActionMask = 2147483647;
			files = (
			);
			inputPaths = (
			);
			name = "[CP] Copy Pods Resources";
			outputPaths = (
			);
			runOnlyForDeploymentPostprocessing = 0;
			shellPath = /bin/sh;
			shellScript = "\"${SRCROOT}/Pods/Target Support Files/Pods-EEETravel/Pods-EEETravel-resources.sh\"\n";
			showEnvVarsInLog = 0;
		};
/* End PBXShellScriptBuildPhase section */

/* Begin PBXSourcesBuildPhase section */
		D953166F1DE2F671000DFDDC /* Sources */ = {
			isa = PBXSourcesBuildPhase;
			buildActionMask = 2147483647;
			files = (
				D9BD28CE1E962B8B00B9189C /* EEWebViewController.swift in Sources */,
				D99AD78D1E0B7EC000F7DF2E /* EEView.swift in Sources */,
				D9670DE31E457C0E00DE7F35 /* EENavigationMenuLayout.swift in Sources */,
				D99AD78B1E0B7EC000F7DF2E /* EETextField.swift in Sources */,
				D9711B481E8E761E002AEC0A /* EEAssociateObject.swift in Sources */,
				D92E2B4F1E890FFD0099E8F6 /* EECreditCardController.swift in Sources */,
				D99AD78A1E0B7EC000F7DF2E /* EELabel.swift in Sources */,
				D9E44F461E9A3E5A00193038 /* String+Extension.swift in Sources */,
				D99AD78F1E0B7F0400F7DF2E /* EEAPI.swift in Sources */,
				D9DD51F21DE6F29300565FAC /* EETheme.swift in Sources */,
				D9670DE01E457ABB00DE7F35 /* EENavigationMenu.swift in Sources */,
				D9BD28CB1E962B5B00B9189C /* EEServerDomain.swift in Sources */,
				D9238E2C1E93B41800BC1A12 /* ListProtocol.swift in Sources */,
				D9E44F481E9A42C500193038 /* UIImageView+Extension.swift in Sources */,
				D92AF81E1E94CF8E0026B926 /* BaseObject.swift in Sources */,
				D92AF8271E94EB580026B926 /* EEHomeCell.swift in Sources */,
				D939F3D61E8E2FF700CD4121 /* EENavigationBar.swift in Sources */,
				D9BD28D11E962C1C00B9189C /* GMShareComponent.swift in Sources */,
				D99AD78C1E0B7EC000F7DF2E /* EETextView.swift in Sources */,
				D9161F951E93AD15007DB4F9 /* EEHomeViewModel.swift in Sources */,
				D9BD28C61E96274300B9189C /* EEClientH5Object.swift in Sources */,
				D939F3D01E8E2ECE00CD4121 /* EEBaseListController.swift in Sources */,
				D92E2B521E8916420099E8F6 /* FetchViewModel.swift in Sources */,
				D9DD51F41DE6F2BD00565FAC /* EEConstant.swift in Sources */,
				D939F3D41E8E2F9000CD4121 /* EEBaseController.swift in Sources */,
				D92E2B491E890F820099E8F6 /* EEFrequentFlyerController.swift in Sources */,
				D92E2B4D1E890FDB0099E8F6 /* EEMainTabBarController.swift in Sources */,
				D92AF81A1E94CEEF0026B926 /* EEHomeObject.swift in Sources */,
				D92E2B481E890F820099E8F6 /* EEDiscountController.swift in Sources */,
				D92E2B4A1E890F820099E8F6 /* EEHomeController.swift in Sources */,
				D92AF8251E94EADB0026B926 /* EETableViewCell.swift in Sources */,
				D9B389111E8BCF6200C5FC1D /* EEMainTabBarViewModel.swift in Sources */,
				D9BD28CF1E962B8B00B9189C /* EEWebEngine.swift in Sources */,
				D95316771DE2F671000DFDDC /* AppDelegate.swift in Sources */,
				D92E2B4B1E890F820099E8F6 /* EETravelController.swift in Sources */,
				D99AD7891E0B7EC000F7DF2E /* EEImageView.swift in Sources */,
				D9670DE11E457ABB00DE7F35 /* EENavigationMenuCell.swift in Sources */,
				D939F3D81E8E347A00CD4121 /* EEButton.swift in Sources */,
			);
			runOnlyForDeploymentPostprocessing = 0;
		};
/* End PBXSourcesBuildPhase section */

/* Begin PBXVariantGroup section */
		D953167A1DE2F671000DFDDC /* Main.storyboard */ = {
			isa = PBXVariantGroup;
			children = (
				D953167B1DE2F671000DFDDC /* Base */,
			);
			name = Main.storyboard;
			sourceTree = "<group>";
		};
		D953167F1DE2F671000DFDDC /* LaunchScreen.storyboard */ = {
			isa = PBXVariantGroup;
			children = (
				D95316801DE2F671000DFDDC /* Base */,
			);
			name = LaunchScreen.storyboard;
			sourceTree = "<group>";
		};
/* End PBXVariantGroup section */

/* Begin XCBuildConfiguration section */
		D95316831DE2F671000DFDDC /* Debug */ = {
			isa = XCBuildConfiguration;
			buildSettings = {
				ALWAYS_SEARCH_USER_PATHS = NO;
				CLANG_ANALYZER_NONNULL = YES;
				CLANG_CXX_LANGUAGE_STANDARD = "gnu++0x";
				CLANG_CXX_LIBRARY = "libc++";
				CLANG_ENABLE_MODULES = YES;
				CLANG_ENABLE_OBJC_ARC = YES;
				CLANG_WARN_BOOL_CONVERSION = YES;
				CLANG_WARN_CONSTANT_CONVERSION = YES;
				CLANG_WARN_DIRECT_OBJC_ISA_USAGE = YES_ERROR;
				CLANG_WARN_DOCUMENTATION_COMMENTS = YES;
				CLANG_WARN_EMPTY_BODY = YES;
				CLANG_WARN_ENUM_CONVERSION = YES;
				CLANG_WARN_INFINITE_RECURSION = YES;
				CLANG_WARN_INT_CONVERSION = YES;
				CLANG_WARN_OBJC_ROOT_CLASS = YES_ERROR;
				CLANG_WARN_SUSPICIOUS_MOVE = YES;
				CLANG_WARN_SUSPICIOUS_MOVES = YES;
				CLANG_WARN_UNREACHABLE_CODE = YES;
				CLANG_WARN__DUPLICATE_METHOD_MATCH = YES;
				"CODE_SIGN_IDENTITY[sdk=iphoneos*]" = "iPhone Developer";
				COPY_PHASE_STRIP = NO;
				DEBUG_INFORMATION_FORMAT = dwarf;
				ENABLE_STRICT_OBJC_MSGSEND = YES;
				ENABLE_TESTABILITY = YES;
				GCC_C_LANGUAGE_STANDARD = gnu99;
				GCC_DYNAMIC_NO_PIC = NO;
				GCC_NO_COMMON_BLOCKS = YES;
				GCC_OPTIMIZATION_LEVEL = 0;
				GCC_PREPROCESSOR_DEFINITIONS = (
					"DEBUG=1",
					"$(inherited)",
				);
				GCC_WARN_64_TO_32_BIT_CONVERSION = YES;
				GCC_WARN_ABOUT_RETURN_TYPE = YES_ERROR;
				GCC_WARN_UNDECLARED_SELECTOR = YES;
				GCC_WARN_UNINITIALIZED_AUTOS = YES_AGGRESSIVE;
				GCC_WARN_UNUSED_FUNCTION = YES;
				GCC_WARN_UNUSED_VARIABLE = YES;
				IPHONEOS_DEPLOYMENT_TARGET = 10.1;
				MTL_ENABLE_DEBUG_INFO = YES;
				ONLY_ACTIVE_ARCH = YES;
				SDKROOT = iphoneos;
				SWIFT_ACTIVE_COMPILATION_CONDITIONS = DEBUG;
				SWIFT_OPTIMIZATION_LEVEL = "-Onone";
				TARGETED_DEVICE_FAMILY = "1,2";
			};
			name = Debug;
		};
		D95316841DE2F671000DFDDC /* Release */ = {
			isa = XCBuildConfiguration;
			buildSettings = {
				ALWAYS_SEARCH_USER_PATHS = NO;
				CLANG_ANALYZER_NONNULL = YES;
				CLANG_CXX_LANGUAGE_STANDARD = "gnu++0x";
				CLANG_CXX_LIBRARY = "libc++";
				CLANG_ENABLE_MODULES = YES;
				CLANG_ENABLE_OBJC_ARC = YES;
				CLANG_WARN_BOOL_CONVERSION = YES;
				CLANG_WARN_CONSTANT_CONVERSION = YES;
				CLANG_WARN_DIRECT_OBJC_ISA_USAGE = YES_ERROR;
				CLANG_WARN_DOCUMENTATION_COMMENTS = YES;
				CLANG_WARN_EMPTY_BODY = YES;
				CLANG_WARN_ENUM_CONVERSION = YES;
				CLANG_WARN_INFINITE_RECURSION = YES;
				CLANG_WARN_INT_CONVERSION = YES;
				CLANG_WARN_OBJC_ROOT_CLASS = YES_ERROR;
				CLANG_WARN_SUSPICIOUS_MOVE = YES;
				CLANG_WARN_SUSPICIOUS_MOVES = YES;
				CLANG_WARN_UNREACHABLE_CODE = YES;
				CLANG_WARN__DUPLICATE_METHOD_MATCH = YES;
				"CODE_SIGN_IDENTITY[sdk=iphoneos*]" = "iPhone Developer";
				COPY_PHASE_STRIP = NO;
				DEBUG_INFORMATION_FORMAT = "dwarf-with-dsym";
				ENABLE_NS_ASSERTIONS = NO;
				ENABLE_STRICT_OBJC_MSGSEND = YES;
				GCC_C_LANGUAGE_STANDARD = gnu99;
				GCC_NO_COMMON_BLOCKS = YES;
				GCC_WARN_64_TO_32_BIT_CONVERSION = YES;
				GCC_WARN_ABOUT_RETURN_TYPE = YES_ERROR;
				GCC_WARN_UNDECLARED_SELECTOR = YES;
				GCC_WARN_UNINITIALIZED_AUTOS = YES_AGGRESSIVE;
				GCC_WARN_UNUSED_FUNCTION = YES;
				GCC_WARN_UNUSED_VARIABLE = YES;
				IPHONEOS_DEPLOYMENT_TARGET = 10.1;
				MTL_ENABLE_DEBUG_INFO = NO;
				SDKROOT = iphoneos;
				SWIFT_OPTIMIZATION_LEVEL = "-Owholemodule";
				TARGETED_DEVICE_FAMILY = "1,2";
				VALIDATE_PRODUCT = YES;
			};
			name = Release;
		};
		D95316861DE2F671000DFDDC /* Debug */ = {
			isa = XCBuildConfiguration;
			baseConfigurationReference = 814CD2506F7E4262541D86C8 /* Pods-EEETravel.debug.xcconfig */;
			buildSettings = {
				ALWAYS_EMBED_SWIFT_STANDARD_LIBRARIES = YES;
				ASSETCATALOG_COMPILER_APPICON_NAME = AppIcon;
				ASSETCATALOG_COMPILER_LAUNCHIMAGE_NAME = LaunchImage;
				CLANG_ENABLE_MODULES = YES;
				CODE_SIGN_IDENTITY = "iPhone Developer: Cong Li (9DKW5BMB89)";
				DEVELOPMENT_TEAM = 98BPAMG7YA;
				INFOPLIST_FILE = EEETravel/Info.plist;
				IPHONEOS_DEPLOYMENT_TARGET = 10.0;
				LD_RUNPATH_SEARCH_PATHS = "$(inherited) @executable_path/Frameworks";
				PRODUCT_BUNDLE_IDENTIFIER = com.eee.travel;
				PRODUCT_NAME = "$(TARGET_NAME)";
				PROVISIONING_PROFILE = "c3a31bbf-6e2f-4046-97f5-0e786b1e1497";
				PROVISIONING_PROFILE_SPECIFIER = eee_dev;
				SWIFT_OBJC_BRIDGING_HEADER = "EEETravel/EEETravel-Bridging-Header.h";
				SWIFT_OPTIMIZATION_LEVEL = "-Onone";
				SWIFT_VERSION = 3.0;
				TARGETED_DEVICE_FAMILY = 1;
			};
			name = Debug;
		};
		D95316871DE2F671000DFDDC /* Release */ = {
			isa = XCBuildConfiguration;
			baseConfigurationReference = A474411F76B3AFCE35B5C90A /* Pods-EEETravel.release.xcconfig */;
			buildSettings = {
				ALWAYS_EMBED_SWIFT_STANDARD_LIBRARIES = YES;
				ASSETCATALOG_COMPILER_APPICON_NAME = AppIcon;
				ASSETCATALOG_COMPILER_LAUNCHIMAGE_NAME = LaunchImage;
				CLANG_ENABLE_MODULES = YES;
				CODE_SIGN_IDENTITY = "iPhone Developer: Cong Li (9DKW5BMB89)";
				"CODE_SIGN_IDENTITY[sdk=iphoneos*]" = "iPhone Distribution: Cong Li (98BPAMG7YA)";
				DEVELOPMENT_TEAM = 98BPAMG7YA;
				INFOPLIST_FILE = EEETravel/Info.plist;
				IPHONEOS_DEPLOYMENT_TARGET = 10.0;
				LD_RUNPATH_SEARCH_PATHS = "$(inherited) @executable_path/Frameworks";
				PRODUCT_BUNDLE_IDENTIFIER = com.eee.travel;
				PRODUCT_NAME = "$(TARGET_NAME)";
				PROVISIONING_PROFILE = "032b99b5-b6a4-48ca-b428-79404f248d7d";
				PROVISIONING_PROFILE_SPECIFIER = eee_adhoc;
				SWIFT_OBJC_BRIDGING_HEADER = "EEETravel/EEETravel-Bridging-Header.h";
				SWIFT_VERSION = 3.0;
				TARGETED_DEVICE_FAMILY = 1;
			};
			name = Release;
		};
/* End XCBuildConfiguration section */

/* Begin XCConfigurationList section */
		D953166E1DE2F671000DFDDC /* Build configuration list for PBXProject "EEETravel" */ = {
			isa = XCConfigurationList;
			buildConfigurations = (
				D95316831DE2F671000DFDDC /* Debug */,
				D95316841DE2F671000DFDDC /* Release */,
			);
			defaultConfigurationIsVisible = 0;
			defaultConfigurationName = Release;
		};
		D95316851DE2F671000DFDDC /* Build configuration list for PBXNativeTarget "EEETravel" */ = {
			isa = XCConfigurationList;
			buildConfigurations = (
				D95316861DE2F671000DFDDC /* Debug */,
				D95316871DE2F671000DFDDC /* Release */,
			);
			defaultConfigurationIsVisible = 0;
			defaultConfigurationName = Release;
		};
/* End XCConfigurationList section */
	};
	rootObject = D953166B1DE2F671000DFDDC /* Project object */;
}
